// !$*UTF8*$!
{
	archiveVersion = 1;
	classes = {
	};
	objectVersion = 46;
	objects = {

/* Begin PBXBuildFile section */
		9BB167991CEA713D0012A9DF /* main.m in Sources */ = {isa = PBXBuildFile; fileRef = 9BB167981CEA713D0012A9DF /* main.m */; };
		9BB1679C1CEA713D0012A9DF /* AppDelegate.m in Sources */ = {isa = PBXBuildFile; fileRef = 9BB1679B1CEA713D0012A9DF /* AppDelegate.m */; };
		9BB1679F1CEA713D0012A9DF /* MainViewController.m in Sources */ = {isa = PBXBuildFile; fileRef = 9BB1679E1CEA713D0012A9DF /* MainViewController.m */; };
		9BB167A21CEA713D0012A9DF /* Main.storyboard in Resources */ = {isa = PBXBuildFile; fileRef = 9BB167A01CEA713D0012A9DF /* Main.storyboard */; };
		9BB167A41CEA713D0012A9DF /* Assets.xcassets in Resources */ = {isa = PBXBuildFile; fileRef = 9BB167A31CEA713D0012A9DF /* Assets.xcassets */; };
		9BB167A71CEA713D0012A9DF /* LaunchScreen.storyboard in Resources */ = {isa = PBXBuildFile; fileRef = 9BB167A51CEA713D0012A9DF /* LaunchScreen.storyboard */; };
		9BB167B21CEA713D0012A9DF /* CheckInTests.m in Sources */ = {isa = PBXBuildFile; fileRef = 9BB167B11CEA713D0012A9DF /* CheckInTests.m */; };
		9BB167BD1CEA713D0012A9DF /* CheckInUITests.m in Sources */ = {isa = PBXBuildFile; fileRef = 9BB167BC1CEA713D0012A9DF /* CheckInUITests.m */; };
		9BB167CC1CEBC0C30012A9DF /* InstructorViewController.m in Sources */ = {isa = PBXBuildFile; fileRef = 9BB167CB1CEBC0C30012A9DF /* InstructorViewController.m */; };
		9BB167CF1CEBC0EC0012A9DF /* StudentViewController.m in Sources */ = {isa = PBXBuildFile; fileRef = 9BB167CE1CEBC0EC0012A9DF /* StudentViewController.m */; };
/* End PBXBuildFile section */

/* Begin PBXContainerItemProxy section */
		9BB167AE1CEA713D0012A9DF /* PBXContainerItemProxy */ = {
			isa = PBXContainerItemProxy;
			containerPortal = 9BB1678C1CEA713D0012A9DF /* Project object */;
			proxyType = 1;
			remoteGlobalIDString = 9BB167931CEA713D0012A9DF;
			remoteInfo = CheckIn;
		};
		9BB167B91CEA713D0012A9DF /* PBXContainerItemProxy */ = {
			isa = PBXContainerItemProxy;
			containerPortal = 9BB1678C1CEA713D0012A9DF /* Project object */;
			proxyType = 1;
			remoteGlobalIDString = 9BB167931CEA713D0012A9DF;
			remoteInfo = CheckIn;
		};
/* End PBXContainerItemProxy section */

/* Begin PBXFileReference section */
		9BB167941CEA713D0012A9DF /* CheckIn.app */ = {isa = PBXFileReference; explicitFileType = wrapper.application; includeInIndex = 0; path = CheckIn.app; sourceTree = BUILT_PRODUCTS_DIR; };
		9BB167981CEA713D0012A9DF /* main.m */ = {isa = PBXFileReference; lastKnownFileType = sourcecode.c.objc; path = main.m; sourceTree = "<group>"; };
		9BB1679A1CEA713D0012A9DF /* AppDelegate.h */ = {isa = PBXFileReference; lastKnownFileType = sourcecode.c.h; path = AppDelegate.h; sourceTree = "<group>"; };
		9BB1679B1CEA713D0012A9DF /* AppDelegate.m */ = {isa = PBXFileReference; lastKnownFileType = sourcecode.c.objc; path = AppDelegate.m; sourceTree = "<group>"; };
		9BB1679D1CEA713D0012A9DF /* MainViewController.h */ = {isa = PBXFileReference; lastKnownFileType = sourcecode.c.h; path = MainViewController.h; sourceTree = "<group>"; };
		9BB1679E1CEA713D0012A9DF /* MainViewController.m */ = {isa = PBXFileReference; lastKnownFileType = sourcecode.c.objc; path = MainViewController.m; sourceTree = "<group>"; };
		9BB167A11CEA713D0012A9DF /* Base */ = {isa = PBXFileReference; lastKnownFileType = file.storyboard; name = Base; path = Base.lproj/Main.storyboard; sourceTree = "<group>"; };
		9BB167A31CEA713D0012A9DF /* Assets.xcassets */ = {isa = PBXFileReference; lastKnownFileType = folder.assetcatalog; path = Assets.xcassets; sourceTree = "<group>"; };
		9BB167A61CEA713D0012A9DF /* Base */ = {isa = PBXFileReference; lastKnownFileType = file.storyboard; name = Base; path = Base.lproj/LaunchScreen.storyboard; sourceTree = "<group>"; };
		9BB167A81CEA713D0012A9DF /* Info.plist */ = {isa = PBXFileReference; lastKnownFileType = text.plist.xml; path = Info.plist; sourceTree = "<group>"; };
		9BB167AD1CEA713D0012A9DF /* CheckInTests.xctest */ = {isa = PBXFileReference; explicitFileType = wrapper.cfbundle; includeInIndex = 0; path = CheckInTests.xctest; sourceTree = BUILT_PRODUCTS_DIR; };
		9BB167B11CEA713D0012A9DF /* CheckInTests.m */ = {isa = PBXFileReference; lastKnownFileType = sourcecode.c.objc; path = CheckInTests.m; sourceTree = "<group>"; };
		9BB167B31CEA713D0012A9DF /* Info.plist */ = {isa = PBXFileReference; lastKnownFileType = text.plist.xml; path = Info.plist; sourceTree = "<group>"; };
		9BB167B81CEA713D0012A9DF /* CheckInUITests.xctest */ = {isa = PBXFileReference; explicitFileType = wrapper.cfbundle; includeInIndex = 0; path = CheckInUITests.xctest; sourceTree = BUILT_PRODUCTS_DIR; };
		9BB167BC1CEA713D0012A9DF /* CheckInUITests.m */ = {isa = PBXFileReference; lastKnownFileType = sourcecode.c.objc; path = CheckInUITests.m; sourceTree = "<group>"; };
		9BB167BE1CEA713D0012A9DF /* Info.plist */ = {isa = PBXFileReference; lastKnownFileType = text.plist.xml; path = Info.plist; sourceTree = "<group>"; };
		9BB167CA1CEBC0C30012A9DF /* InstructorViewController.h */ = {isa = PBXFileReference; fileEncoding = 4; lastKnownFileType = sourcecode.c.h; path = InstructorViewController.h; sourceTree = "<group>"; };
		9BB167CB1CEBC0C30012A9DF /* InstructorViewController.m */ = {isa = PBXFileReference; fileEncoding = 4; lastKnownFileType = sourcecode.c.objc; path = InstructorViewController.m; sourceTree = "<group>"; };
		9BB167CD1CEBC0EC0012A9DF /* StudentViewController.h */ = {isa = PBXFileReference; fileEncoding = 4; lastKnownFileType = sourcecode.c.h; path = StudentViewController.h; sourceTree = "<group>"; };
		9BB167CE1CEBC0EC0012A9DF /* StudentViewController.m */ = {isa = PBXFileReference; fileEncoding = 4; lastKnownFileType = sourcecode.c.objc; path = StudentViewController.m; sourceTree = "<group>"; };
/* End PBXFileReference section */

/* Begin PBXFrameworksBuildPhase section */
		9BB167911CEA713D0012A9DF /* Frameworks */ = {
			isa = PBXFrameworksBuildPhase;
			buildActionMask = 2147483647;
			files = (
			);
			runOnlyForDeploymentPostprocessing = 0;
		};
		9BB167AA1CEA713D0012A9DF /* Frameworks */ = {
			isa = PBXFrameworksBuildPhase;
			buildActionMask = 2147483647;
			files = (
			);
			runOnlyForDeploymentPostprocessing = 0;
		};
		9BB167B51CEA713D0012A9DF /* Frameworks */ = {
			isa = PBXFrameworksBuildPhase;
			buildActionMask = 2147483647;
			files = (
			);
			runOnlyForDeploymentPostprocessing = 0;
		};
/* End PBXFrameworksBuildPhase section */

/* Begin PBXGroup section */
		9BB1678B1CEA713D0012A9DF = {
			isa = PBXGroup;
			children = (
				9BB167961CEA713D0012A9DF /* CheckIn */,
				9BB167B01CEA713D0012A9DF /* CheckInTests */,
				9BB167BB1CEA713D0012A9DF /* CheckInUITests */,
				9BB167951CEA713D0012A9DF /* Products */,
			);
			sourceTree = "<group>";
		};
		9BB167951CEA713D0012A9DF /* Products */ = {
			isa = PBXGroup;
			children = (
				9BB167941CEA713D0012A9DF /* CheckIn.app */,
				9BB167AD1CEA713D0012A9DF /* CheckInTests.xctest */,
				9BB167B81CEA713D0012A9DF /* CheckInUITests.xctest */,
			);
			name = Products;
			sourceTree = "<group>";
		};
		9BB167961CEA713D0012A9DF /* CheckIn */ = {
			isa = PBXGroup;
			children = (
				9BB1679A1CEA713D0012A9DF /* AppDelegate.h */,
				9BB1679B1CEA713D0012A9DF /* AppDelegate.m */,
				9BB1679D1CEA713D0012A9DF /* MainViewController.h */,
				9BB1679E1CEA713D0012A9DF /* MainViewController.m */,
				9BB167A01CEA713D0012A9DF /* Main.storyboard */,
				9BB167CD1CEBC0EC0012A9DF /* StudentViewController.h */,
				9BB167CE1CEBC0EC0012A9DF /* StudentViewController.m */,
				9BB167CA1CEBC0C30012A9DF /* InstructorViewController.h */,
				9BB167CB1CEBC0C30012A9DF /* InstructorViewController.m */,
				9BB167A31CEA713D0012A9DF /* Assets.xcassets */,
				9BB167A51CEA713D0012A9DF /* LaunchScreen.storyboard */,
				9BB167A81CEA713D0012A9DF /* Info.plist */,
				9BB167971CEA713D0012A9DF /* Supporting Files */,
			);
			path = CheckIn;
			sourceTree = "<group>";
		};
		9BB167971CEA713D0012A9DF /* Supporting Files */ = {
			isa = PBXGroup;
			children = (
				9BB167981CEA713D0012A9DF /* main.m */,
			);
			name = "Supporting Files";
			sourceTree = "<group>";
		};
		9BB167B01CEA713D0012A9DF /* CheckInTests */ = {
			isa = PBXGroup;
			children = (
				9BB167B11CEA713D0012A9DF /* CheckInTests.m */,
				9BB167B31CEA713D0012A9DF /* Info.plist */,
			);
			path = CheckInTests;
			sourceTree = "<group>";
		};
		9BB167BB1CEA713D0012A9DF /* CheckInUITests */ = {
			isa = PBXGroup;
			children = (
				9BB167BC1CEA713D0012A9DF /* CheckInUITests.m */,
				9BB167BE1CEA713D0012A9DF /* Info.plist */,
			);
			path = CheckInUITests;
			sourceTree = "<group>";
		};
/* End PBXGroup section */

/* Begin PBXNativeTarget section */
		9BB167931CEA713D0012A9DF /* CheckIn */ = {
			isa = PBXNativeTarget;
			buildConfigurationList = 9BB167C11CEA713D0012A9DF /* Build configuration list for PBXNativeTarget "CheckIn" */;
			buildPhases = (
				9BB167901CEA713D0012A9DF /* Sources */,
				9BB167911CEA713D0012A9DF /* Frameworks */,
				9BB167921CEA713D0012A9DF /* Resources */,
			);
			buildRules = (
			);
			dependencies = (
			);
			name = CheckIn;
			productName = CheckIn;
			productReference = 9BB167941CEA713D0012A9DF /* CheckIn.app */;
			productType = "com.apple.product-type.application";
		};
		9BB167AC1CEA713D0012A9DF /* CheckInTests */ = {
			isa = PBXNativeTarget;
			buildConfigurationList = 9BB167C41CEA713D0012A9DF /* Build configuration list for PBXNativeTarget "CheckInTests" */;
			buildPhases = (
				9BB167A91CEA713D0012A9DF /* Sources */,
				9BB167AA1CEA713D0012A9DF /* Frameworks */,
				9BB167AB1CEA713D0012A9DF /* Resources */,
			);
			buildRules = (
			);
			dependencies = (
				9BB167AF1CEA713D0012A9DF /* PBXTargetDependency */,
			);
			name = CheckInTests;
			productName = CheckInTests;
			productReference = 9BB167AD1CEA713D0012A9DF /* CheckInTests.xctest */;
			productType = "com.apple.product-type.bundle.unit-test";
		};
		9BB167B71CEA713D0012A9DF /* CheckInUITests */ = {
			isa = PBXNativeTarget;
			buildConfigurationList = 9BB167C71CEA713D0012A9DF /* Build configuration list for PBXNativeTarget "CheckInUITests" */;
			buildPhases = (
				9BB167B41CEA713D0012A9DF /* Sources */,
				9BB167B51CEA713D0012A9DF /* Frameworks */,
				9BB167B61CEA713D0012A9DF /* Resources */,
			);
			buildRules = (
			);
			dependencies = (
				9BB167BA1CEA713D0012A9DF /* PBXTargetDependency */,
			);
			name = CheckInUITests;
			productName = CheckInUITests;
			productReference = 9BB167B81CEA713D0012A9DF /* CheckInUITests.xctest */;
			productType = "com.apple.product-type.bundle.ui-testing";
		};
/* End PBXNativeTarget section */

/* Begin PBXProject section */
		9BB1678C1CEA713D0012A9DF /* Project object */ = {
			isa = PBXProject;
			attributes = {
				LastUpgradeCheck = 0720;
				ORGANIZATIONNAME = "Nikhil Cherukuri";
				TargetAttributes = {
					9BB167931CEA713D0012A9DF = {
						CreatedOnToolsVersion = 7.2.1;
						DevelopmentTeam = 3QPSR2F3VL;
					};
					9BB167AC1CEA713D0012A9DF = {
						CreatedOnToolsVersion = 7.2.1;
						DevelopmentTeam = 3QPSR2F3VL;
						TestTargetID = 9BB167931CEA713D0012A9DF;
					};
					9BB167B71CEA713D0012A9DF = {
						CreatedOnToolsVersion = 7.2.1;
						DevelopmentTeam = 3QPSR2F3VL;
						TestTargetID = 9BB167931CEA713D0012A9DF;
					};
				};
			};
			buildConfigurationList = 9BB1678F1CEA713D0012A9DF /* Build configuration list for PBXProject "CheckIn" */;
			compatibilityVersion = "Xcode 3.2";
			developmentRegion = English;
			hasScannedForEncodings = 0;
			knownRegions = (
				en,
				Base,
			);
			mainGroup = 9BB1678B1CEA713D0012A9DF;
			productRefGroup = 9BB167951CEA713D0012A9DF /* Products */;
			projectDirPath = "";
			projectRoot = "";
			targets = (
				9BB167931CEA713D0012A9DF /* CheckIn */,
				9BB167AC1CEA713D0012A9DF /* CheckInTests */,
				9BB167B71CEA713D0012A9DF /* CheckInUITests */,
			);
		};
/* End PBXProject section */

/* Begin PBXResourcesBuildPhase section */
		9BB167921CEA713D0012A9DF /* Resources */ = {
			isa = PBXResourcesBuildPhase;
			buildActionMask = 2147483647;
			files = (
				9BB167A71CEA713D0012A9DF /* LaunchScreen.storyboard in Resources */,
				9BB167A41CEA713D0012A9DF /* Assets.xcassets in Resources */,
				9BB167A21CEA713D0012A9DF /* Main.storyboard in Resources */,
			);
			runOnlyForDeploymentPostprocessing = 0;
		};
		9BB167AB1CEA713D0012A9DF /* Resources */ = {
			isa = PBXResourcesBuildPhase;
			buildActionMask = 2147483647;
			files = (
			);
			runOnlyForDeploymentPostprocessing = 0;
		};
		9BB167B61CEA713D0012A9DF /* Resources */ = {
			isa = PBXResourcesBuildPhase;
			buildActionMask = 2147483647;
			files = (
			);
			runOnlyForDeploymentPostprocessing = 0;
		};
/* End PBXResourcesBuildPhase section */

/* Begin PBXSourcesBuildPhase section */
		9BB167901CEA713D0012A9DF /* Sources */ = {
			isa = PBXSourcesBuildPhase;
			buildActionMask = 2147483647;
			files = (
				9BB1679F1CEA713D0012A9DF /* MainViewController.m in Sources */,
				9BB167CC1CEBC0C30012A9DF /* InstructorViewController.m in Sources */,
				9BB1679C1CEA713D0012A9DF /* AppDelegate.m in Sources */,
				9BB167991CEA713D0012A9DF /* main.m in Sources */,
				9BB167CF1CEBC0EC0012A9DF /* StudentViewController.m in Sources */,
			);
			runOnlyForDeploymentPostprocessing = 0;
		};
		9BB167A91CEA713D0012A9DF /* Sources */ = {
			isa = PBXSourcesBuildPhase;
			buildActionMask = 2147483647;
			files = (
				9BB167B21CEA713D0012A9DF /* CheckInTests.m in Sources */,
			);
			runOnlyForDeploymentPostprocessing = 0;
		};
		9BB167B41CEA713D0012A9DF /* Sources */ = {
			isa = PBXSourcesBuildPhase;
			buildActionMask = 2147483647;
			files = (
				9BB167BD1CEA713D0012A9DF /* CheckInUITests.m in Sources */,
			);
			runOnlyForDeploymentPostprocessing = 0;
		};
/* End PBXSourcesBuildPhase section */

/* Begin PBXTargetDependency section */
		9BB167AF1CEA713D0012A9DF /* PBXTargetDependency */ = {
			isa = PBXTargetDependency;
			target = 9BB167931CEA713D0012A9DF /* CheckIn */;
			targetProxy = 9BB167AE1CEA713D0012A9DF /* PBXContainerItemProxy */;
		};
		9BB167BA1CEA713D0012A9DF /* PBXTargetDependency */ = {
			isa = PBXTargetDependency;
			target = 9BB167931CEA713D0012A9DF /* CheckIn */;
			targetProxy = 9BB167B91CEA713D0012A9DF /* PBXContainerItemProxy */;
		};
/* End PBXTargetDependency section */

/* Begin PBXVariantGroup section */
		9BB167A01CEA713D0012A9DF /* Main.storyboard */ = {
			isa = PBXVariantGroup;
			children = (
				9BB167A11CEA713D0012A9DF /* Base */,
			);
			name = Main.storyboard;
			sourceTree = "<group>";
		};
		9BB167A51CEA713D0012A9DF /* LaunchScreen.storyboard */ = {
			isa = PBXVariantGroup;
			children = (
				9BB167A61CEA713D0012A9DF /* Base */,
			);
			name = LaunchScreen.storyboard;
			sourceTree = "<group>";
		};
/* End PBXVariantGroup section */

/* Begin XCBuildConfiguration section */
		9BB167BF1CEA713D0012A9DF /* Debug */ = {
			isa = XCBuildConfiguration;
			buildSettings = {
				ALWAYS_SEARCH_USER_PATHS = NO;
				CLANG_CXX_LANGUAGE_STANDARD = "gnu++0x";
				CLANG_CXX_LIBRARY = "libc++";
				CLANG_ENABLE_MODULES = YES;
				CLANG_ENABLE_OBJC_ARC = YES;
				CLANG_WARN_BOOL_CONVERSION = YES;
				CLANG_WARN_CONSTANT_CONVERSION = YES;
				CLANG_WARN_DIRECT_OBJC_ISA_USAGE = YES_ERROR;
				CLANG_WARN_EMPTY_BODY = YES;
				CLANG_WARN_ENUM_CONVERSION = YES;
				CLANG_WARN_INT_CONVERSION = YES;
				CLANG_WARN_OBJC_ROOT_CLASS = YES_ERROR;
				CLANG_WARN_UNREACHABLE_CODE = YES;
				CLANG_WARN__DUPLICATE_METHOD_MATCH = YES;
				"CODE_SIGN_IDENTITY[sdk=iphoneos*]" = "iPhone Developer";
				COPY_PHASE_STRIP = NO;
				DEBUG_INFORMATION_FORMAT = dwarf;
				ENABLE_STRICT_OBJC_MSGSEND = YES;
				ENABLE_TESTABILITY = YES;
				GCC_C_LANGUAGE_STANDARD = gnu99;
				GCC_DYNAMIC_NO_PIC = NO;
				GCC_NO_COMMON_BLOCKS = YES;
				GCC_OPTIMIZATION_LEVEL = 0;
				GCC_PREPROCESSOR_DEFINITIONS = (
					"DEBUG=1",
					"$(inherited)",
				);
				GCC_WARN_64_TO_32_BIT_CONVERSION = YES;
				GCC_WARN_ABOUT_RETURN_TYPE = YES_ERROR;
				GCC_WARN_UNDECLARED_SELECTOR = YES;
				GCC_WARN_UNINITIALIZED_AUTOS = YES_AGGRESSIVE;
				GCC_WARN_UNUSED_FUNCTION = YES;
				GCC_WARN_UNUSED_VARIABLE = YES;
				IPHONEOS_DEPLOYMENT_TARGET = 9.2;
				MTL_ENABLE_DEBUG_INFO = YES;
				ONLY_ACTIVE_ARCH = YES;
				SDKROOT = iphoneos;
			};
			name = Debug;
		};
		9BB167C01CEA713D0012A9DF /* Release */ = {
			isa = XCBuildConfiguration;
			buildSettings = {
				ALWAYS_SEARCH_USER_PATHS = NO;
				CLANG_CXX_LANGUAGE_STANDARD = "gnu++0x";
				CLANG_CXX_LIBRARY = "libc++";
				CLANG_ENABLE_MODULES = YES;
				CLANG_ENABLE_OBJC_ARC = YES;
				CLANG_WARN_BOOL_CONVERSION = YES;
				CLANG_WARN_CONSTANT_CONVERSION = YES;
				CLANG_WARN_DIRECT_OBJC_ISA_USAGE = YES_ERROR;
				CLANG_WARN_EMPTY_BODY = YES;
				CLANG_WARN_ENUM_CONVERSION = YES;
				CLANG_WARN_INT_CONVERSION = YES;
				CLANG_WARN_OBJC_ROOT_CLASS = YES_ERROR;
				CLANG_WARN_UNREACHABLE_CODE = YES;
				CLANG_WARN__DUPLICATE_METHOD_MATCH = YES;
				"CODE_SIGN_IDENTITY[sdk=iphoneos*]" = "iPhone Developer";
				COPY_PHASE_STRIP = NO;
				DEBUG_INFORMATION_FORMAT = "dwarf-with-dsym";
				ENABLE_NS_ASSERTIONS = NO;
				ENABLE_STRICT_OBJC_MSGSEND = YES;
				GCC_C_LANGUAGE_STANDARD = gnu99;
				GCC_NO_COMMON_BLOCKS = YES;
				GCC_WARN_64_TO_32_BIT_CONVERSION = YES;
				GCC_WARN_ABOUT_RETURN_TYPE = YES_ERROR;
				GCC_WARN_UNDECLARED_SELECTOR = YES;
				GCC_WARN_UNINITIALIZED_AUTOS = YES_AGGRESSIVE;
				GCC_WARN_UNUSED_FUNCTION = YES;
				GCC_WARN_UNUSED_VARIABLE = YES;
				IPHONEOS_DEPLOYMENT_TARGET = 9.2;
				MTL_ENABLE_DEBUG_INFO = NO;
				SDKROOT = iphoneos;
				VALIDATE_PRODUCT = YES;
			};
			name = Release;
		};
		9BB167C21CEA713D0012A9DF /* Debug */ = {
			isa = XCBuildConfiguration;
			buildSettings = {
				ASSETCATALOG_COMPILER_APPICON_NAME = AppIcon;
				INFOPLIST_FILE = CheckIn/Info.plist;
				LD_RUNPATH_SEARCH_PATHS = "$(inherited) @executable_path/Frameworks";
				PRODUCT_BUNDLE_IDENTIFIER = edu.usc.CheckIn;
				PRODUCT_NAME = "$(TARGET_NAME)";
			};
			name = Debug;
		};
		9BB167C31CEA713D0012A9DF /* Release */ = {
			isa = XCBuildConfiguration;
			buildSettings = {
				ASSETCATALOG_COMPILER_APPICON_NAME = AppIcon;
				INFOPLIST_FILE = CheckIn/Info.plist;
				LD_RUNPATH_SEARCH_PATHS = "$(inherited) @executable_path/Frameworks";
				PRODUCT_BUNDLE_IDENTIFIER = edu.usc.CheckIn;
				PRODUCT_NAME = "$(TARGET_NAME)";
			};
			name = Release;
		};
		9BB167C51CEA713D0012A9DF /* Debug */ = {
			isa = XCBuildConfiguration;
			buildSettings = {
				BUNDLE_LOADER = "$(TEST_HOST)";
				INFOPLIST_FILE = CheckInTests/Info.plist;
				LD_RUNPATH_SEARCH_PATHS = "$(inherited) @executable_path/Frameworks @loader_path/Frameworks";
				PRODUCT_BUNDLE_IDENTIFIER = edu.usc.CheckInTests;
				PRODUCT_NAME = "$(TARGET_NAME)";
				TEST_HOST = "$(BUILT_PRODUCTS_DIR)/CheckIn.app/CheckIn";
			};
			name = Debug;
		};
		9BB167C61CEA713D0012A9DF /* Release */ = {
			isa = XCBuildConfiguration;
			buildSettings = {
				BUNDLE_LOADER = "$(TEST_HOST)";
				INFOPLIST_FILE = CheckInTests/Info.plist;
				LD_RUNPATH_SEARCH_PATHS = "$(inherited) @executable_path/Frameworks @loader_path/Frameworks";
				PRODUCT_BUNDLE_IDENTIFIER = edu.usc.CheckInTests;
				PRODUCT_NAME = "$(TARGET_NAME)";
				TEST_HOST = "$(BUILT_PRODUCTS_DIR)/CheckIn.app/CheckIn";
			};
			name = Release;
		};
		9BB167C81CEA713D0012A9DF /* Debug */ = {
			isa = XCBuildConfiguration;
			buildSettings = {
				INFOPLIST_FILE = CheckInUITests/Info.plist;
				LD_RUNPATH_SEARCH_PATHS = "$(inherited) @executable_path/Frameworks @loader_path/Frameworks";
				PRODUCT_BUNDLE_IDENTIFIER = edu.usc.CheckInUITests;
				PRODUCT_NAME = "$(TARGET_NAME)";
				TEST_TARGET_NAME = CheckIn;
				USES_XCTRUNNER = YES;
			};
			name = Debug;
		};
		9BB167C91CEA713D0012A9DF /* Release */ = {
			isa = XCBuildConfiguration;
			buildSettings = {
				INFOPLIST_FILE = CheckInUITests/Info.plist;
				LD_RUNPATH_SEARCH_PATHS = "$(inherited) @executable_path/Frameworks @loader_path/Frameworks";
				PRODUCT_BUNDLE_IDENTIFIER = edu.usc.CheckInUITests;
				PRODUCT_NAME = "$(TARGET_NAME)";
				TEST_TARGET_NAME = CheckIn;
				USES_XCTRUNNER = YES;
			};
			name = Release;
		};
/* End XCBuildConfiguration section */

/* Begin XCConfigurationList section */
		9BB1678F1CEA713D0012A9DF /* Build configuration list for PBXProject "CheckIn" */ = {
			isa = XCConfigurationList;
			buildConfigurations = (
				9BB167BF1CEA713D0012A9DF /* Debug */,
				9BB167C01CEA713D0012A9DF /* Release */,
			);
			defaultConfigurationIsVisible = 0;
			defaultConfigurationName = Release;
		};
		9BB167C11CEA713D0012A9DF /* Build configuration list for PBXNativeTarget "CheckIn" */ = {
			isa = XCConfigurationList;
			buildConfigurations = (
				9BB167C21CEA713D0012A9DF /* Debug */,
				9BB167C31CEA713D0012A9DF /* Release */,
			);
			defaultConfigurationIsVisible = 0;
		};
		9BB167C41CEA713D0012A9DF /* Build configuration list for PBXNativeTarget "CheckInTests" */ = {
			isa = XCConfigurationList;
			buildConfigurations = (
				9BB167C51CEA713D0012A9DF /* Debug */,
				9BB167C61CEA713D0012A9DF /* Release */,
			);
			defaultConfigurationIsVisible = 0;
		};
		9BB167C71CEA713D0012A9DF /* Build configuration list for PBXNativeTarget "CheckInUITests" */ = {
			isa = XCConfigurationList;
			buildConfigurations = (
				9BB167C81CEA713D0012A9DF /* Debug */,
				9BB167C91CEA713D0012A9DF /* Release */,
			);
			defaultConfigurationIsVisible = 0;
		};
/* End XCConfigurationList section */
	};
	rootObject = 9BB1678C1CEA713D0012A9DF /* Project object */;
}
